
Microsoft Visual Studio Solution File, Format Version 12.00
# Visual Studio Version 16
VisualStudioVersion = 16.0.30517.126
MinimumVisualStudioVersion = 10.0.40219.1
Project("{FAE04EC0-301F-11D3-BF4B-00C04F79EFBC}") = "Fornecimento.App", "src\Fornecimento.App\Fornecimento.App.csproj", "{5EA52B16-8E58-40F1-88CF-EA5A7887EC02}"
EndProject
Project("{FAE04EC0-301F-11D3-BF4B-00C04F79EFBC}") = "Fornecimento.Business", "src\Fornecimento.Business\Fornecimento.Business.csproj", "{AAFE7D2A-7A90-44EA-A76E-21EFEE6AF22E}"
EndProject
Project("{FAE04EC0-301F-11D3-BF4B-00C04F79EFBC}") = "Fornecimento.Data", "src\Fornecimento.Data\Fornecimento.Data.csproj", "{55094397-1826-406C-84D1-49E49D812FB1}"
EndProject
Global
	GlobalSection(SolutionConfigurationPlatforms) = preSolution
		Debug|Any CPU = Debug|Any CPU
		Release|Any CPU = Release|Any CPU
	EndGlobalSection
	GlobalSection(ProjectConfigurationPlatforms) = postSolution
		{5EA52B16-8E58-40F1-88CF-EA5A7887EC02}.Debug|Any CPU.ActiveCfg = Debug|Any CPU
		{5EA52B16-8E58-40F1-88CF-EA5A7887EC02}.Debug|Any CPU.Build.0 = Debug|Any CPU
		{5EA52B16-8E58-40F1-88CF-EA5A7887EC02}.Release|Any CPU.ActiveCfg = Release|Any CPU
		{5EA52B16-8E58-40F1-88CF-EA5A7887EC02}.Release|Any CPU.Build.0 = Release|Any CPU
		{AAFE7D2A-7A90-44EA-A76E-21EFEE6AF22E}.Debug|Any CPU.ActiveCfg = Debug|Any CPU
		{AAFE7D2A-7A90-44EA-A76E-21EFEE6AF22E}.Debug|Any CPU.Build.0 = Debug|Any CPU
		{AAFE7D2A-7A90-44EA-A76E-21EFEE6AF22E}.Release|Any CPU.ActiveCfg = Release|Any CPU
		{AAFE7D2A-7A90-44EA-A76E-21EFEE6AF22E}.Release|Any CPU.Build.0 = Release|Any CPU
		{55094397-1826-406C-84D1-49E49D812FB1}.Debug|Any CPU.ActiveCfg = Debug|Any CPU
		{55094397-1826-406C-84D1-49E49D812FB1}.Debug|Any CPU.Build.0 = Debug|Any CPU
		{55094397-1826-406C-84D1-49E49D812FB1}.Release|Any CPU.ActiveCfg = Release|Any CPU
		{55094397-1826-406C-84D1-49E49D812FB1}.Release|Any CPU.Build.0 = Release|Any CPU
	EndGlobalSection
	GlobalSection(SolutionProperties) = preSolution
		HideSolutionNode = FALSE
	EndGlobalSection
	GlobalSection(ExtensibilityGlobals) = postSolution
		SolutionGuid = {598C95E3-2A10-453E-A458-9796CB736DB0}
	EndGlobalSection
EndGlobal
